// !$*UTF8*$!
{
	archiveVersion = 1;
	classes = {
	};
	objectVersion = 46;
	objects = {

/* Begin PBXBuildFile section */
		2BA45FE318E112BC00E93EC5 /* Foundation.framework in Frameworks */ = {isa = PBXBuildFile; fileRef = 2BA45FE218E112BC00E93EC5 /* Foundation.framework */; };
		2BA45FE518E112BC00E93EC5 /* CoreGraphics.framework in Frameworks */ = {isa = PBXBuildFile; fileRef = 2BA45FE418E112BC00E93EC5 /* CoreGraphics.framework */; };
		2BA45FE718E112BC00E93EC5 /* UIKit.framework in Frameworks */ = {isa = PBXBuildFile; fileRef = 2BA45FE618E112BC00E93EC5 /* UIKit.framework */; };
		2BA45FED18E112BC00E93EC5 /* InfoPlist.strings in Resources */ = {isa = PBXBuildFile; fileRef = 2BA45FEB18E112BC00E93EC5 /* InfoPlist.strings */; };
		2BA45FEF18E112BC00E93EC5 /* main.m in Sources */ = {isa = PBXBuildFile; fileRef = 2BA45FEE18E112BC00E93EC5 /* main.m */; };
		2BA45FF318E112BC00E93EC5 /* AppDelegate.m in Sources */ = {isa = PBXBuildFile; fileRef = 2BA45FF218E112BC00E93EC5 /* AppDelegate.m */; };
		2BA45FF618E112BC00E93EC5 /* Main.storyboard in Resources */ = {isa = PBXBuildFile; fileRef = 2BA45FF418E112BC00E93EC5 /* Main.storyboard */; };
		2BA45FF918E112BC00E93EC5 /* ViewController.m in Sources */ = {isa = PBXBuildFile; fileRef = 2BA45FF818E112BC00E93EC5 /* ViewController.m */; };
		2BA45FFB18E112BC00E93EC5 /* Images.xcassets in Resources */ = {isa = PBXBuildFile; fileRef = 2BA45FFA18E112BC00E93EC5 /* Images.xcassets */; };
		2BA4600218E112BC00E93EC5 /* XCTest.framework in Frameworks */ = {isa = PBXBuildFile; fileRef = 2BA4600118E112BC00E93EC5 /* XCTest.framework */; };
		2BA4600318E112BC00E93EC5 /* Foundation.framework in Frameworks */ = {isa = PBXBuildFile; fileRef = 2BA45FE218E112BC00E93EC5 /* Foundation.framework */; };
		2BA4600418E112BC00E93EC5 /* UIKit.framework in Frameworks */ = {isa = PBXBuildFile; fileRef = 2BA45FE618E112BC00E93EC5 /* UIKit.framework */; };
		2BA4600C18E112BC00E93EC5 /* InfoPlist.strings in Resources */ = {isa = PBXBuildFile; fileRef = 2BA4600A18E112BC00E93EC5 /* InfoPlist.strings */; };
		2BA4600E18E112BC00E93EC5 /* tokeikarenndaTests.m in Sources */ = {isa = PBXBuildFile; fileRef = 2BA4600D18E112BC00E93EC5 /* tokeikarenndaTests.m */; };
/* End PBXBuildFile section */

/* Begin PBXContainerItemProxy section */
		2BA4600518E112BC00E93EC5 /* PBXContainerItemProxy */ = {
			isa = PBXContainerItemProxy;
			containerPortal = 2BA45FD718E112BC00E93EC5 /* Project object */;
			proxyType = 1;
			remoteGlobalIDString = 2BA45FDE18E112BC00E93EC5;
			remoteInfo = tokeikarennda;
		};
/* End PBXContainerItemProxy section */

/* Begin PBXFileReference section */
		2BA45FDF18E112BC00E93EC5 /* tokeikarennda.app */ = {isa = PBXFileReference; explicitFileType = wrapper.application; includeInIndex = 0; path = tokeikarennda.app; sourceTree = BUILT_PRODUCTS_DIR; };
		2BA45FE218E112BC00E93EC5 /* Foundation.framework */ = {isa = PBXFileReference; lastKnownFileType = wrapper.framework; name = Foundation.framework; path = System/Library/Frameworks/Foundation.framework; sourceTree = SDKROOT; };
		2BA45FE418E112BC00E93EC5 /* CoreGraphics.framework */ = {isa = PBXFileReference; lastKnownFileType = wrapper.framework; name = CoreGraphics.framework; path = System/Library/Frameworks/CoreGraphics.framework; sourceTree = SDKROOT; };
		2BA45FE618E112BC00E93EC5 /* UIKit.framework */ = {isa = PBXFileReference; lastKnownFileType = wrapper.framework; name = UIKit.framework; path = System/Library/Frameworks/UIKit.framework; sourceTree = SDKROOT; };
		2BA45FEA18E112BC00E93EC5 /* tokeikarennda-Info.plist */ = {isa = PBXFileReference; lastKnownFileType = text.plist.xml; path = "tokeikarennda-Info.plist"; sourceTree = "<group>"; };
		2BA45FEC18E112BC00E93EC5 /* en */ = {isa = PBXFileReference; lastKnownFileType = text.plist.strings; name = en; path = en.lproj/InfoPlist.strings; sourceTree = "<group>"; };
		2BA45FEE18E112BC00E93EC5 /* main.m */ = {isa = PBXFileReference; lastKnownFileType = sourcecode.c.objc; path = main.m; sourceTree = "<group>"; };
		2BA45FF018E112BC00E93EC5 /* tokeikarennda-Prefix.pch */ = {isa = PBXFileReference; lastKnownFileType = sourcecode.c.h; path = "tokeikarennda-Prefix.pch"; sourceTree = "<group>"; };
		2BA45FF118E112BC00E93EC5 /* AppDelegate.h */ = {isa = PBXFileReference; lastKnownFileType = sourcecode.c.h; path = AppDelegate.h; sourceTree = "<group>"; };
		2BA45FF218E112BC00E93EC5 /* AppDelegate.m */ = {isa = PBXFileReference; lastKnownFileType = sourcecode.c.objc; path = AppDelegate.m; sourceTree = "<group>"; };
		2BA45FF518E112BC00E93EC5 /* Base */ = {isa = PBXFileReference; lastKnownFileType = file.storyboard; name = Base; path = Base.lproj/Main.storyboard; sourceTree = "<group>"; };
		2BA45FF718E112BC00E93EC5 /* ViewController.h */ = {isa = PBXFileReference; lastKnownFileType = sourcecode.c.h; path = ViewController.h; sourceTree = "<group>"; };
		2BA45FF818E112BC00E93EC5 /* ViewController.m */ = {isa = PBXFileReference; lastKnownFileType = sourcecode.c.objc; path = ViewController.m; sourceTree = "<group>"; };
		2BA45FFA18E112BC00E93EC5 /* Images.xcassets */ = {isa = PBXFileReference; lastKnownFileType = folder.assetcatalog; path = Images.xcassets; sourceTree = "<group>"; };
		2BA4600018E112BC00E93EC5 /* tokeikarenndaTests.xctest */ = {isa = PBXFileReference; explicitFileType = wrapper.cfbundle; includeInIndex = 0; path = tokeikarenndaTests.xctest; sourceTree = BUILT_PRODUCTS_DIR; };
		2BA4600118E112BC00E93EC5 /* XCTest.framework */ = {isa = PBXFileReference; lastKnownFileType = wrapper.framework; name = XCTest.framework; path = Library/Frameworks/XCTest.framework; sourceTree = DEVELOPER_DIR; };
		2BA4600918E112BC00E93EC5 /* tokeikarenndaTests-Info.plist */ = {isa = PBXFileReference; lastKnownFileType = text.plist.xml; path = "tokeikarenndaTests-Info.plist"; sourceTree = "<group>"; };
		2BA4600B18E112BC00E93EC5 /* en */ = {isa = PBXFileReference; lastKnownFileType = text.plist.strings; name = en; path = en.lproj/InfoPlist.strings; sourceTree = "<group>"; };
		2BA4600D18E112BC00E93EC5 /* tokeikarenndaTests.m */ = {isa = PBXFileReference; lastKnownFileType = sourcecode.c.objc; path = tokeikarenndaTests.m; sourceTree = "<group>"; };
/* End PBXFileReference section */

/* Begin PBXFrameworksBuildPhase section */
		2BA45FDC18E112BC00E93EC5 /* Frameworks */ = {
			isa = PBXFrameworksBuildPhase;
			buildActionMask = 2147483647;
			files = (
				2BA45FE518E112BC00E93EC5 /* CoreGraphics.framework in Frameworks */,
				2BA45FE718E112BC00E93EC5 /* UIKit.framework in Frameworks */,
				2BA45FE318E112BC00E93EC5 /* Foundation.framework in Frameworks */,
			);
			runOnlyForDeploymentPostprocessing = 0;
		};
		2BA45FFD18E112BC00E93EC5 /* Frameworks */ = {
			isa = PBXFrameworksBuildPhase;
			buildActionMask = 2147483647;
			files = (
				2BA4600218E112BC00E93EC5 /* XCTest.framework in Frameworks */,
				2BA4600418E112BC00E93EC5 /* UIKit.framework in Frameworks */,
				2BA4600318E112BC00E93EC5 /* Foundation.framework in Frameworks */,
			);
			runOnlyForDeploymentPostprocessing = 0;
		};
/* End PBXFrameworksBuildPhase section */

/* Begin PBXGroup section */
		2BA45FD618E112BC00E93EC5 = {
			isa = PBXGroup;
			children = (
				2BA45FE818E112BC00E93EC5 /* tokeikarennda */,
				2BA4600718E112BC00E93EC5 /* tokeikarenndaTests */,
				2BA45FE118E112BC00E93EC5 /* Frameworks */,
				2BA45FE018E112BC00E93EC5 /* Products */,
			);
			sourceTree = "<group>";
		};
		2BA45FE018E112BC00E93EC5 /* Products */ = {
			isa = PBXGroup;
			children = (
				2BA45FDF18E112BC00E93EC5 /* tokeikarennda.app */,
				2BA4600018E112BC00E93EC5 /* tokeikarenndaTests.xctest */,
			);
			name = Products;
			sourceTree = "<group>";
		};
		2BA45FE118E112BC00E93EC5 /* Frameworks */ = {
			isa = PBXGroup;
			children = (
				2BA45FE218E112BC00E93EC5 /* Foundation.framework */,
				2BA45FE418E112BC00E93EC5 /* CoreGraphics.framework */,
				2BA45FE618E112BC00E93EC5 /* UIKit.framework */,
				2BA4600118E112BC00E93EC5 /* XCTest.framework */,
			);
			name = Frameworks;
			sourceTree = "<group>";
		};
		2BA45FE818E112BC00E93EC5 /* tokeikarennda */ = {
			isa = PBXGroup;
			children = (
				2BA45FF118E112BC00E93EC5 /* AppDelegate.h */,
				2BA45FF218E112BC00E93EC5 /* AppDelegate.m */,
				2BA45FF418E112BC00E93EC5 /* Main.storyboard */,
				2BA45FF718E112BC00E93EC5 /* ViewController.h */,
				2BA45FF818E112BC00E93EC5 /* ViewController.m */,
				2BA45FFA18E112BC00E93EC5 /* Images.xcassets */,
				2BA45FE918E112BC00E93EC5 /* Supporting Files */,
			);
			path = tokeikarennda;
			sourceTree = "<group>";
		};
		2BA45FE918E112BC00E93EC5 /* Supporting Files */ = {
			isa = PBXGroup;
			children = (
				2BA45FEA18E112BC00E93EC5 /* tokeikarennda-Info.plist */,
				2BA45FEB18E112BC00E93EC5 /* InfoPlist.strings */,
				2BA45FEE18E112BC00E93EC5 /* main.m */,
				2BA45FF018E112BC00E93EC5 /* tokeikarennda-Prefix.pch */,
			);
			name = "Supporting Files";
			sourceTree = "<group>";
		};
		2BA4600718E112BC00E93EC5 /* tokeikarenndaTests */ = {
			isa = PBXGroup;
			children = (
				2BA4600D18E112BC00E93EC5 /* tokeikarenndaTests.m */,
				2BA4600818E112BC00E93EC5 /* Supporting Files */,
			);
			path = tokeikarenndaTests;
			sourceTree = "<group>";
		};
		2BA4600818E112BC00E93EC5 /* Supporting Files */ = {
			isa = PBXGroup;
			children = (
				2BA4600918E112BC00E93EC5 /* tokeikarenndaTests-Info.plist */,
				2BA4600A18E112BC00E93EC5 /* InfoPlist.strings */,
			);
			name = "Supporting Files";
			sourceTree = "<group>";
		};
/* End PBXGroup section */

/* Begin PBXNativeTarget section */
		2BA45FDE18E112BC00E93EC5 /* tokeikarennda */ = {
			isa = PBXNativeTarget;
			buildConfigurationList = 2BA4601118E112BC00E93EC5 /* Build configuration list for PBXNativeTarget "tokeikarennda" */;
			buildPhases = (
				2BA45FDB18E112BC00E93EC5 /* Sources */,
				2BA45FDC18E112BC00E93EC5 /* Frameworks */,
				2BA45FDD18E112BC00E93EC5 /* Resources */,
			);
			buildRules = (
			);
			dependencies = (
			);
			name = tokeikarennda;
			productName = tokeikarennda;
			productReference = 2BA45FDF18E112BC00E93EC5 /* tokeikarennda.app */;
			productType = "com.apple.product-type.application";
		};
		2BA45FFF18E112BC00E93EC5 /* tokeikarenndaTests */ = {
			isa = PBXNativeTarget;
			buildConfigurationList = 2BA4601418E112BC00E93EC5 /* Build configuration list for PBXNativeTarget "tokeikarenndaTests" */;
			buildPhases = (
				2BA45FFC18E112BC00E93EC5 /* Sources */,
				2BA45FFD18E112BC00E93EC5 /* Frameworks */,
				2BA45FFE18E112BC00E93EC5 /* Resources */,
			);
			buildRules = (
			);
			dependencies = (
				2BA4600618E112BC00E93EC5 /* PBXTargetDependency */,
			);
			name = tokeikarenndaTests;
			productName = tokeikarenndaTests;
			productReference = 2BA4600018E112BC00E93EC5 /* tokeikarenndaTests.xctest */;
			productType = "com.apple.product-type.bundle.unit-test";
		};
/* End PBXNativeTarget section */

/* Begin PBXProject section */
		2BA45FD718E112BC00E93EC5 /* Project object */ = {
			isa = PBXProject;
			attributes = {
				LastUpgradeCheck = 0510;
				ORGANIZATIONNAME = com.litech;
				TargetAttributes = {
					2BA45FFF18E112BC00E93EC5 = {
						TestTargetID = 2BA45FDE18E112BC00E93EC5;
					};
				};
			};
			buildConfigurationList = 2BA45FDA18E112BC00E93EC5 /* Build configuration list for PBXProject "tokeikarennda" */;
			compatibilityVersion = "Xcode 3.2";
			developmentRegion = English;
			hasScannedForEncodings = 0;
			knownRegions = (
				en,
				Base,
			);
			mainGroup = 2BA45FD618E112BC00E93EC5;
			productRefGroup = 2BA45FE018E112BC00E93EC5 /* Products */;
			projectDirPath = "";
			projectRoot = "";
			targets = (
				2BA45FDE18E112BC00E93EC5 /* tokeikarennda */,
				2BA45FFF18E112BC00E93EC5 /* tokeikarenndaTests */,
			);
		};
/* End PBXProject section */

/* Begin PBXResourcesBuildPhase section */
		2BA45FDD18E112BC00E93EC5 /* Resources */ = {
			isa = PBXResourcesBuildPhase;
			buildActionMask = 2147483647;
			files = (
				2BA45FFB18E112BC00E93EC5 /* Images.xcassets in Resources */,
				2BA45FED18E112BC00E93EC5 /* InfoPlist.strings in Resources */,
				2BA45FF618E112BC00E93EC5 /* Main.storyboard in Resources */,
			);
			runOnlyForDeploymentPostprocessing = 0;
		};
		2BA45FFE18E112BC00E93EC5 /* Resources */ = {
			isa = PBXResourcesBuildPhase;
			buildActionMask = 2147483647;
			files = (
				2BA4600C18E112BC00E93EC5 /* InfoPlist.strings in Resources */,
			);
			runOnlyForDeploymentPostprocessing = 0;
		};
/* End PBXResourcesBuildPhase section */

/* Begin PBXSourcesBuildPhase section */
		2BA45FDB18E112BC00E93EC5 /* Sources */ = {
			isa = PBXSourcesBuildPhase;
			buildActionMask = 2147483647;
			files = (
				2BA45FF918E112BC00E93EC5 /* ViewController.m in Sources */,
				2BA45FF318E112BC00E93EC5 /* AppDelegate.m in Sources */,
				2BA45FEF18E112BC00E93EC5 /* main.m in Sources */,
			);
			runOnlyForDeploymentPostprocessing = 0;
		};
		2BA45FFC18E112BC00E93EC5 /* Sources */ = {
			isa = PBXSourcesBuildPhase;
			buildActionMask = 2147483647;
			files = (
				2BA4600E18E112BC00E93EC5 /* tokeikarenndaTests.m in Sources */,
			);
			runOnlyForDeploymentPostprocessing = 0;
		};
/* End PBXSourcesBuildPhase section */

/* Begin PBXTargetDependency section */
		2BA4600618E112BC00E93EC5 /* PBXTargetDependency */ = {
			isa = PBXTargetDependency;
			target = 2BA45FDE18E112BC00E93EC5 /* tokeikarennda */;
			targetProxy = 2BA4600518E112BC00E93EC5 /* PBXContainerItemProxy */;
		};
/* End PBXTargetDependency section */

/* Begin PBXVariantGroup section */
		2BA45FEB18E112BC00E93EC5 /* InfoPlist.strings */ = {
			isa = PBXVariantGroup;
			children = (
				2BA45FEC18E112BC00E93EC5 /* en */,
			);
			name = InfoPlist.strings;
			sourceTree = "<group>";
		};
		2BA45FF418E112BC00E93EC5 /* Main.storyboard */ = {
			isa = PBXVariantGroup;
			children = (
				2BA45FF518E112BC00E93EC5 /* Base */,
			);
			name = Main.storyboard;
			sourceTree = "<group>";
		};
		2BA4600A18E112BC00E93EC5 /* InfoPlist.strings */ = {
			isa = PBXVariantGroup;
			children = (
				2BA4600B18E112BC00E93EC5 /* en */,
			);
			name = InfoPlist.strings;
			sourceTree = "<group>";
		};
/* End PBXVariantGroup section */

/* Begin XCBuildConfiguration section */
		2BA4600F18E112BC00E93EC5 /* Debug */ = {
			isa = XCBuildConfiguration;
			buildSettings = {
				ALWAYS_SEARCH_USER_PATHS = NO;
				CLANG_CXX_LANGUAGE_STANDARD = "gnu++0x";
				CLANG_CXX_LIBRARY = "libc++";
				CLANG_ENABLE_MODULES = YES;
				CLANG_ENABLE_OBJC_ARC = YES;
				CLANG_WARN_BOOL_CONVERSION = YES;
				CLANG_WARN_CONSTANT_CONVERSION = YES;
				CLANG_WARN_DIRECT_OBJC_ISA_USAGE = YES_ERROR;
				CLANG_WARN_EMPTY_BODY = YES;
				CLANG_WARN_ENUM_CONVERSION = YES;
				CLANG_WARN_INT_CONVERSION = YES;
				CLANG_WARN_OBJC_ROOT_CLASS = YES_ERROR;
				CLANG_WARN__DUPLICATE_METHOD_MATCH = YES;
				"CODE_SIGN_IDENTITY[sdk=iphoneos*]" = "iPhone Developer";
				COPY_PHASE_STRIP = NO;
				GCC_C_LANGUAGE_STANDARD = gnu99;
				GCC_DYNAMIC_NO_PIC = NO;
				GCC_OPTIMIZATION_LEVEL = 0;
				GCC_PREPROCESSOR_DEFINITIONS = (
					"DEBUG=1",
					"$(inherited)",
				);
				GCC_SYMBOLS_PRIVATE_EXTERN = NO;
				GCC_WARN_64_TO_32_BIT_CONVERSION = YES;
				GCC_WARN_ABOUT_RETURN_TYPE = YES_ERROR;
				GCC_WARN_UNDECLARED_SELECTOR = YES;
				GCC_WARN_UNINITIALIZED_AUTOS = YES_AGGRESSIVE;
				GCC_WARN_UNUSED_FUNCTION = YES;
				GCC_WARN_UNUSED_VARIABLE = YES;
				IPHONEOS_DEPLOYMENT_TARGET = 7.1;
				ONLY_ACTIVE_ARCH = YES;
				SDKROOT = iphoneos;
			};
			name = Debug;
		};
		2BA4601018E112BC00E93EC5 /* Release */ = {
			isa = XCBuildConfiguration;
			buildSettings = {
				ALWAYS_SEARCH_USER_PATHS = NO;
				CLANG_CXX_LANGUAGE_STANDARD = "gnu++0x";
				CLANG_CXX_LIBRARY = "libc++";
				CLANG_ENABLE_MODULES = YES;
				CLANG_ENABLE_OBJC_ARC = YES;
				CLANG_WARN_BOOL_CONVERSION = YES;
				CLANG_WARN_CONSTANT_CONVERSION = YES;
				CLANG_WARN_DIRECT_OBJC_ISA_USAGE = YES_ERROR;
				CLANG_WARN_EMPTY_BODY = YES;
				CLANG_WARN_ENUM_CONVERSION = YES;
				CLANG_WARN_INT_CONVERSION = YES;
				CLANG_WARN_OBJC_ROOT_CLASS = YES_ERROR;
				CLANG_WARN__DUPLICATE_METHOD_MATCH = YES;
				"CODE_SIGN_IDENTITY[sdk=iphoneos*]" = "iPhone Developer";
				COPY_PHASE_STRIP = YES;
				ENABLE_NS_ASSERTIONS = NO;
				GCC_C_LANGUAGE_STANDARD = gnu99;
				GCC_WARN_64_TO_32_BIT_CONVERSION = YES;
				GCC_WARN_ABOUT_RETURN_TYPE = YES_ERROR;
				GCC_WARN_UNDECLARED_SELECTOR = YES;
				GCC_WARN_UNINITIALIZED_AUTOS = YES_AGGRESSIVE;
				GCC_WARN_UNUSED_FUNCTION = YES;
				GCC_WARN_UNUSED_VARIABLE = YES;
				IPHONEOS_DEPLOYMENT_TARGET = 7.1;
				SDKROOT = iphoneos;
				VALIDATE_PRODUCT = YES;
			};
			name = Release;
		};
		2BA4601218E112BC00E93EC5 /* Debug */ = {
			isa = XCBuildConfiguration;
			buildSettings = {
				ASSETCATALOG_COMPILER_APPICON_NAME = AppIcon;
				ASSETCATALOG_COMPILER_LAUNCHIMAGE_NAME = LaunchImage;
				GCC_PRECOMPILE_PREFIX_HEADER = YES;
				GCC_PREFIX_HEADER = "tokeikarennda/tokeikarennda-Prefix.pch";
				INFOPLIST_FILE = "tokeikarennda/tokeikarennda-Info.plist";
				PRODUCT_NAME = "$(TARGET_NAME)";
				WRAPPER_EXTENSION = app;
			};
			name = Debug;
		};
		2BA4601318E112BC00E93EC5 /* Release */ = {
			isa = XCBuildConfiguration;
			buildSettings = {
				ASSETCATALOG_COMPILER_APPICON_NAME = AppIcon;
				ASSETCATALOG_COMPILER_LAUNCHIMAGE_NAME = LaunchImage;
				GCC_PRECOMPILE_PREFIX_HEADER = YES;
				GCC_PREFIX_HEADER = "tokeikarennda/tokeikarennda-Prefix.pch";
				INFOPLIST_FILE = "tokeikarennda/tokeikarennda-Info.plist";
				PRODUCT_NAME = "$(TARGET_NAME)";
				WRAPPER_EXTENSION = app;
			};
			name = Release;
		};
		2BA4601518E112BC00E93EC5 /* Debug */ = {
			isa = XCBuildConfiguration;
			buildSettings = {
				BUNDLE_LOADER = "$(BUILT_PRODUCTS_DIR)/tokeikarennda.app/tokeikarennda";
				FRAMEWORK_SEARCH_PATHS = (
					"$(SDKROOT)/Developer/Library/Frameworks",
					"$(inherited)",
					"$(DEVELOPER_FRAMEWORKS_DIR)",
				);
				GCC_PRECOMPILE_PREFIX_HEADER = YES;
				GCC_PREFIX_HEADER = "tokeikarennda/tokeikarennda-Prefix.pch";
				GCC_PREPROCESSOR_DEFINITIONS = (
					"DEBUG=1",
					"$(inherited)",
				);
				INFOPLIST_FILE = "tokeikarenndaTests/tokeikarenndaTests-Info.plist";
				PRODUCT_NAME = "$(TARGET_NAME)";
				TEST_HOST = "$(BUNDLE_LOADER)";
				WRAPPER_EXTENSION = xctest;
			};
			name = Debug;
		};
		2BA4601618E112BC00E93EC5 /* Release */ = {
			isa = XCBuildConfiguration;
			buildSettings = {
				BUNDLE_LOADER = "$(BUILT_PRODUCTS_DIR)/tokeikarennda.app/tokeikarennda";
				FRAMEWORK_SEARCH_PATHS = (
					"$(SDKROOT)/Developer/Library/Frameworks",
					"$(inherited)",
					"$(DEVELOPER_FRAMEWORKS_DIR)",
				);
				GCC_PRECOMPILE_PREFIX_HEADER = YES;
				GCC_PREFIX_HEADER = "tokeikarennda/tokeikarennda-Prefix.pch";
				INFOPLIST_FILE = "tokeikarenndaTests/tokeikarenndaTests-Info.plist";
				PRODUCT_NAME = "$(TARGET_NAME)";
				TEST_HOST = "$(BUNDLE_LOADER)";
				WRAPPER_EXTENSION = xctest;
			};
			name = Release;
		};
/* End XCBuildConfiguration section */

/* Begin XCConfigurationList section */
		2BA45FDA18E112BC00E93EC5 /* Build configuration list for PBXProject "tokeikarennda" */ = {
			isa = XCConfigurationList;
			buildConfigurations = (
				2BA4600F18E112BC00E93EC5 /* Debug */,
				2BA4601018E112BC00E93EC5 /* Release */,
			);
			defaultConfigurationIsVisible = 0;
			defaultConfigurationName = Release;
		};
		2BA4601118E112BC00E93EC5 /* Build configuration list for PBXNativeTarget "tokeikarennda" */ = {
			isa = XCConfigurationList;
			buildConfigurations = (
				2BA4601218E112BC00E93EC5 /* Debug */,
				2BA4601318E112BC00E93EC5 /* Release */,
			);
			defaultConfigurationIsVisible = 0;
		};
		2BA4601418E112BC00E93EC5 /* Build configuration list for PBXNativeTarget "tokeikarenndaTests" */ = {
			isa = XCConfigurationList;
			buildConfigurations = (
				2BA4601518E112BC00E93EC5 /* Debug */,
				2BA4601618E112BC00E93EC5 /* Release */,
			);
			defaultConfigurationIsVisible = 0;
		};
/* End XCConfigurationList section */
	};
	rootObject = 2BA45FD718E112BC00E93EC5 /* Project object */;
}
